# This file is automatically @generated by Cargo.
# It is not intended for manual editing.
[[package]]
name = "bytes"
version = "0.5.4"
source = "registry+https://github.com/rust-lang/crates.io-index"

[[package]]
name = "hex"
version = "0.4.2"
source = "registry+https://github.com/rust-lang/crates.io-index"

[[package]]
name = "hexl"
version = "0.1.0"
dependencies = [
 "bytes 0.5.4 (registry+https://github.com/rust-lang/crates.io-index)",
 "hex 0.4.2 (registry+https://github.com/rust-lang/crates.io-index)",
]

[metadata]
"checksum bytes 0.5.4 (registry+https://github.com/rust-lang/crates.io-index)" = "130aac562c0dd69c56b3b1cc8ffd2e17be31d0b6c25b61c96b76231aa23e39e1"
"checksum hex 0.4.2 (registry+https://github.com/rust-lang/crates.io-index)" = "644f9158b2f133fd50f5fb3242878846d9eb792e445c893805ff0e3824006e35"
